
Microsoft Visual Studio Solution File, Format Version 12.00
# Visual Studio Version 17
VisualStudioVersion = 17.5.33530.505
MinimumVisualStudioVersion = 10.0.40219.1
Project("{FAE04EC0-301F-11D3-BF4B-00C04F79EFBC}") = "GunaProjekt", "GunaProjekt\GunaProjekt.csproj", "{143EB485-F287-4FFE-B005-CB498BEE8B17}"
EndProject
Global
	GlobalSection(SolutionConfigurationPlatforms) = preSolution
		Debug|Any CPU = Debug|Any CPU
		Release|Any CPU = Release|Any CPU
	EndGlobalSection
	GlobalSection(ProjectConfigurationPlatforms) = postSolution
		{143EB485-F287-4FFE-B005-CB498BEE8B17}.Debug|Any CPU.ActiveCfg = Debug|Any CPU
		{143EB485-F287-4FFE-B005-CB498BEE8B17}.Debug|Any CPU.Build.0 = Debug|Any CPU
		{143EB485-F287-4FFE-B005-CB498BEE8B17}.Release|Any CPU.ActiveCfg = Release|Any CPU
		{143EB485-F287-4FFE-B005-CB498BEE8B17}.Release|Any CPU.Build.0 = Release|Any CPU
	EndGlobalSection
	GlobalSection(SolutionProperties) = preSolution
		HideSolutionNode = FALSE
	EndGlobalSection
	GlobalSection(ExtensibilityGlobals) = postSolution
		SolutionGuid = {290541D7-6CFD-42AC-8674-4FC4943EBBAF}
	EndGlobalSection
EndGlobal
